github.com/eiannone/keyboard v0.0.0-20200508000154-caf4b762e807 h1:jdjd5e68T4R/j4PWxfZqcKY8KtT9oo8IPNVuV4bSXDQ=
github.com/eiannone/keyboard v0.0.0-20200508000154-caf4b762e807/go.mod h1:Xoiu5VdKMvbRgHuY7+z64lhu/7lvax/22nzASF6GrO8=
golang.org/x/sys v0.0.0-20201119102817-f84b799fce68/go.mod h1:h1NjWce9XRLGQEsW7wpKNCjG9DtNlClVuFLEZdDNbEs=
golang.org/x/sys v0.0.0-20210317225723-c4fcb01b228e h1:XNp2Flc/1eWQGk5BLzqTAN7fQIwIbfyVTuVxXxZh73M=
golang.org/x/sys v0.0.0-20210317225723-c4fcb01b228e/go.mod h1:h1NjWce9XRLGQEsW7wpKNCjG9DtNlClVuFLEZdDNbEs=
golang.org/x/term v0.0.0-20201126162022-7de9c90e9dd1 h1:v+OssWQX+hTHEmOBgwxdZxK4zHq3yOs8F9J7mk0PY8E=
golang.org/x/term v0.0.0-20201126162022-7de9c90e9dd1/go.mod h1:bj7SfCRtBDWHUb9snDiAeCFNEtKQo2Wmx5Cou7ajbmo=
